// !$*UTF8*$!
{
	archiveVersion = 1;
	classes = {
	};
	objectVersion = 46;
	objects = {

/* Begin PBXBuildFile section */
		45755EA319BF8A560020A7F3 /* Foundation.framework in Frameworks */ = {isa = PBXBuildFile; fileRef = 45755EA219BF8A560020A7F3 /* Foundation.framework */; };
		45755EA519BF8A560020A7F3 /* CoreGraphics.framework in Frameworks */ = {isa = PBXBuildFile; fileRef = 45755EA419BF8A560020A7F3 /* CoreGraphics.framework */; };
		45755EA719BF8A560020A7F3 /* UIKit.framework in Frameworks */ = {isa = PBXBuildFile; fileRef = 45755EA619BF8A560020A7F3 /* UIKit.framework */; };
		45755EAD19BF8A560020A7F3 /* InfoPlist.strings in Resources */ = {isa = PBXBuildFile; fileRef = 45755EAB19BF8A560020A7F3 /* InfoPlist.strings */; };
		45755EAF19BF8A560020A7F3 /* main.m in Sources */ = {isa = PBXBuildFile; fileRef = 45755EAE19BF8A560020A7F3 /* main.m */; };
		45755EB319BF8A560020A7F3 /* AppDelegate.m in Sources */ = {isa = PBXBuildFile; fileRef = 45755EB219BF8A560020A7F3 /* AppDelegate.m */; };
		45755EB519BF8A560020A7F3 /* Images.xcassets in Resources */ = {isa = PBXBuildFile; fileRef = 45755EB419BF8A560020A7F3 /* Images.xcassets */; };
		45755ED719BF8D960020A7F3 /* CareersTableViewController.m in Sources */ = {isa = PBXBuildFile; fileRef = 45755ED619BF8D960020A7F3 /* CareersTableViewController.m */; };
		45755EDB19BF900D0020A7F3 /* CareerTableViewCell.m in Sources */ = {isa = PBXBuildFile; fileRef = 45755EDA19BF900D0020A7F3 /* CareerTableViewCell.m */; };
		45755EDF19BF90900020A7F3 /* Career.m in Sources */ = {isa = PBXBuildFile; fileRef = 45755EDE19BF90900020A7F3 /* Career.m */; };
		4581BD7719C24F96001566C9 /* TFHpple.m in Sources */ = {isa = PBXBuildFile; fileRef = 4581BD7219C24F96001566C9 /* TFHpple.m */; };
		4581BD7819C24F96001566C9 /* TFHppleElement.m in Sources */ = {isa = PBXBuildFile; fileRef = 4581BD7419C24F96001566C9 /* TFHppleElement.m */; };
		4581BD7919C24F96001566C9 /* XPathQuery.m in Sources */ = {isa = PBXBuildFile; fileRef = 4581BD7619C24F96001566C9 /* XPathQuery.m */; };
		4581BD7A19C25045001566C9 /* libxml2.2.dylib in Frameworks */ = {isa = PBXBuildFile; fileRef = 45F53BD519BFCF9A004D3C62 /* libxml2.2.dylib */; };
		4581BD7C19C39D2F001566C9 /* MessageUI.framework in Frameworks */ = {isa = PBXBuildFile; fileRef = 4581BD7B19C39D2F001566C9 /* MessageUI.framework */; };
		45F53BD419BFB0C8004D3C62 /* CareersApi.m in Sources */ = {isa = PBXBuildFile; fileRef = 45F53BD319BFB0C8004D3C62 /* CareersApi.m */; };
		45F53BE019C03E2A004D3C62 /* CareerDetailViewController.m in Sources */ = {isa = PBXBuildFile; fileRef = 45F53BDF19C03E2A004D3C62 /* CareerDetailViewController.m */; };
/* End PBXBuildFile section */

/* Begin PBXFileReference section */
		45755E9F19BF8A560020A7F3 /* SavantCareers.app */ = {isa = PBXFileReference; explicitFileType = wrapper.application; includeInIndex = 0; path = SavantCareers.app; sourceTree = BUILT_PRODUCTS_DIR; };
		45755EA219BF8A560020A7F3 /* Foundation.framework */ = {isa = PBXFileReference; lastKnownFileType = wrapper.framework; name = Foundation.framework; path = System/Library/Frameworks/Foundation.framework; sourceTree = SDKROOT; };
		45755EA419BF8A560020A7F3 /* CoreGraphics.framework */ = {isa = PBXFileReference; lastKnownFileType = wrapper.framework; name = CoreGraphics.framework; path = System/Library/Frameworks/CoreGraphics.framework; sourceTree = SDKROOT; };
		45755EA619BF8A560020A7F3 /* UIKit.framework */ = {isa = PBXFileReference; lastKnownFileType = wrapper.framework; name = UIKit.framework; path = System/Library/Frameworks/UIKit.framework; sourceTree = SDKROOT; };
		45755EAA19BF8A560020A7F3 /* SavantCareers-Info.plist */ = {isa = PBXFileReference; lastKnownFileType = text.plist.xml; path = "SavantCareers-Info.plist"; sourceTree = "<group>"; };
		45755EAC19BF8A560020A7F3 /* en */ = {isa = PBXFileReference; lastKnownFileType = text.plist.strings; name = en; path = en.lproj/InfoPlist.strings; sourceTree = "<group>"; };
		45755EAE19BF8A560020A7F3 /* main.m */ = {isa = PBXFileReference; lastKnownFileType = sourcecode.c.objc; path = main.m; sourceTree = "<group>"; };
		45755EB019BF8A560020A7F3 /* SavantCareers-Prefix.pch */ = {isa = PBXFileReference; lastKnownFileType = sourcecode.c.h; path = "SavantCareers-Prefix.pch"; sourceTree = "<group>"; };
		45755EB119BF8A560020A7F3 /* AppDelegate.h */ = {isa = PBXFileReference; lastKnownFileType = sourcecode.c.h; path = AppDelegate.h; sourceTree = "<group>"; };
		45755EB219BF8A560020A7F3 /* AppDelegate.m */ = {isa = PBXFileReference; lastKnownFileType = sourcecode.c.objc; path = AppDelegate.m; sourceTree = "<group>"; };
		45755EB419BF8A560020A7F3 /* Images.xcassets */ = {isa = PBXFileReference; lastKnownFileType = folder.assetcatalog; name = Images.xcassets; path = SavantCareers/Images.xcassets; sourceTree = "<group>"; };
		45755EBB19BF8A560020A7F3 /* XCTest.framework */ = {isa = PBXFileReference; lastKnownFileType = wrapper.framework; name = XCTest.framework; path = Library/Frameworks/XCTest.framework; sourceTree = DEVELOPER_DIR; };
		45755ED519BF8D960020A7F3 /* CareersTableViewController.h */ = {isa = PBXFileReference; fileEncoding = 4; lastKnownFileType = sourcecode.c.h; path = CareersTableViewController.h; sourceTree = "<group>"; };
		45755ED619BF8D960020A7F3 /* CareersTableViewController.m */ = {isa = PBXFileReference; fileEncoding = 4; lastKnownFileType = sourcecode.c.objc; path = CareersTableViewController.m; sourceTree = "<group>"; };
		45755ED919BF900D0020A7F3 /* CareerTableViewCell.h */ = {isa = PBXFileReference; fileEncoding = 4; lastKnownFileType = sourcecode.c.h; path = CareerTableViewCell.h; sourceTree = "<group>"; };
		45755EDA19BF900D0020A7F3 /* CareerTableViewCell.m */ = {isa = PBXFileReference; fileEncoding = 4; lastKnownFileType = sourcecode.c.objc; path = CareerTableViewCell.m; sourceTree = "<group>"; };
		45755EDD19BF90900020A7F3 /* Career.h */ = {isa = PBXFileReference; fileEncoding = 4; lastKnownFileType = sourcecode.c.h; path = Career.h; sourceTree = "<group>"; };
		45755EDE19BF90900020A7F3 /* Career.m */ = {isa = PBXFileReference; fileEncoding = 4; lastKnownFileType = sourcecode.c.objc; path = Career.m; sourceTree = "<group>"; };
		4581BD7119C24F96001566C9 /* TFHpple.h */ = {isa = PBXFileReference; fileEncoding = 4; lastKnownFileType = sourcecode.c.h; path = TFHpple.h; sourceTree = "<group>"; };
		4581BD7219C24F96001566C9 /* TFHpple.m */ = {isa = PBXFileReference; fileEncoding = 4; lastKnownFileType = sourcecode.c.objc; path = TFHpple.m; sourceTree = "<group>"; };
		4581BD7319C24F96001566C9 /* TFHppleElement.h */ = {isa = PBXFileReference; fileEncoding = 4; lastKnownFileType = sourcecode.c.h; path = TFHppleElement.h; sourceTree = "<group>"; };
		4581BD7419C24F96001566C9 /* TFHppleElement.m */ = {isa = PBXFileReference; fileEncoding = 4; lastKnownFileType = sourcecode.c.objc; path = TFHppleElement.m; sourceTree = "<group>"; };
		4581BD7519C24F96001566C9 /* XPathQuery.h */ = {isa = PBXFileReference; fileEncoding = 4; lastKnownFileType = sourcecode.c.h; path = XPathQuery.h; sourceTree = "<group>"; };
		4581BD7619C24F96001566C9 /* XPathQuery.m */ = {isa = PBXFileReference; fileEncoding = 4; lastKnownFileType = sourcecode.c.objc; path = XPathQuery.m; sourceTree = "<group>"; };
		4581BD7B19C39D2F001566C9 /* MessageUI.framework */ = {isa = PBXFileReference; lastKnownFileType = wrapper.framework; name = MessageUI.framework; path = System/Library/Frameworks/MessageUI.framework; sourceTree = SDKROOT; };
		45F53BD219BFB0C8004D3C62 /* CareersApi.h */ = {isa = PBXFileReference; fileEncoding = 4; lastKnownFileType = sourcecode.c.h; path = CareersApi.h; sourceTree = "<group>"; };
		45F53BD319BFB0C8004D3C62 /* CareersApi.m */ = {isa = PBXFileReference; fileEncoding = 4; lastKnownFileType = sourcecode.c.objc; path = CareersApi.m; sourceTree = "<group>"; };
		45F53BD519BFCF9A004D3C62 /* libxml2.2.dylib */ = {isa = PBXFileReference; lastKnownFileType = "compiled.mach-o.dylib"; name = libxml2.2.dylib; path = usr/lib/libxml2.2.dylib; sourceTree = SDKROOT; };
		45F53BDE19C03E2A004D3C62 /* CareerDetailViewController.h */ = {isa = PBXFileReference; fileEncoding = 4; lastKnownFileType = sourcecode.c.h; path = CareerDetailViewController.h; sourceTree = "<group>"; };
		45F53BDF19C03E2A004D3C62 /* CareerDetailViewController.m */ = {isa = PBXFileReference; fileEncoding = 4; lastKnownFileType = sourcecode.c.objc; path = CareerDetailViewController.m; sourceTree = "<group>"; };
/* End PBXFileReference section */

/* Begin PBXFrameworksBuildPhase section */
		45755E9C19BF8A560020A7F3 /* Frameworks */ = {
			isa = PBXFrameworksBuildPhase;
			buildActionMask = 2147483647;
			files = (
				4581BD7C19C39D2F001566C9 /* MessageUI.framework in Frameworks */,
				4581BD7A19C25045001566C9 /* libxml2.2.dylib in Frameworks */,
				45755EA519BF8A560020A7F3 /* CoreGraphics.framework in Frameworks */,
				45755EA719BF8A560020A7F3 /* UIKit.framework in Frameworks */,
				45755EA319BF8A560020A7F3 /* Foundation.framework in Frameworks */,
			);
			runOnlyForDeploymentPostprocessing = 0;
		};
/* End PBXFrameworksBuildPhase section */

/* Begin PBXGroup section */
		1EDDAA1D59B44B3997015BC8 /* Frameworks */ = {
			isa = PBXGroup;
			children = (
				4581BD7B19C39D2F001566C9 /* MessageUI.framework */,
				45F53BD519BFCF9A004D3C62 /* libxml2.2.dylib */,
				45755EA219BF8A560020A7F3 /* Foundation.framework */,
				45755EA419BF8A560020A7F3 /* CoreGraphics.framework */,
				45755EA619BF8A560020A7F3 /* UIKit.framework */,
				45755EBB19BF8A560020A7F3 /* XCTest.framework */,
			);
			name = Frameworks;
			sourceTree = "<group>";
		};
		45755E9619BF8A560020A7F3 = {
			isa = PBXGroup;
			children = (
				4581BD6F19C24F11001566C9 /* lib */,
				45755ED119BF8A970020A7F3 /* res */,
				45755EA819BF8A560020A7F3 /* src */,
				45755EA019BF8A560020A7F3 /* products */,
				1EDDAA1D59B44B3997015BC8 /* Frameworks */,
			);
			sourceTree = "<group>";
		};
		45755EA019BF8A560020A7F3 /* products */ = {
			isa = PBXGroup;
			children = (
				45755E9F19BF8A560020A7F3 /* SavantCareers.app */,
			);
			name = products;
			sourceTree = "<group>";
		};
		45755EA819BF8A560020A7F3 /* src */ = {
			isa = PBXGroup;
			children = (
				45755EDC19BF906D0020A7F3 /* Model */,
				45755ED819BF8FEE0020A7F3 /* TableViewCell */,
				45755ED419BF8B580020A7F3 /* Api */,
				45755ED219BF8B420020A7F3 /* ViewController */,
				45755EB119BF8A560020A7F3 /* AppDelegate.h */,
				45755EB219BF8A560020A7F3 /* AppDelegate.m */,
				45755EA919BF8A560020A7F3 /* Supporting Files */,
			);
			name = src;
			path = SavantCareers;
			sourceTree = "<group>";
		};
		45755EA919BF8A560020A7F3 /* Supporting Files */ = {
			isa = PBXGroup;
			children = (
				45755EAA19BF8A560020A7F3 /* SavantCareers-Info.plist */,
				45755EAB19BF8A560020A7F3 /* InfoPlist.strings */,
				45755EAE19BF8A560020A7F3 /* main.m */,
				45755EB019BF8A560020A7F3 /* SavantCareers-Prefix.pch */,
			);
			name = "Supporting Files";
			sourceTree = "<group>";
		};
		45755ED119BF8A970020A7F3 /* res */ = {
			isa = PBXGroup;
			children = (
				45755EB419BF8A560020A7F3 /* Images.xcassets */,
			);
			name = res;
			sourceTree = "<group>";
		};
		45755ED219BF8B420020A7F3 /* ViewController */ = {
			isa = PBXGroup;
			children = (
				45755ED519BF8D960020A7F3 /* CareersTableViewController.h */,
				45755ED619BF8D960020A7F3 /* CareersTableViewController.m */,
				45F53BDE19C03E2A004D3C62 /* CareerDetailViewController.h */,
				45F53BDF19C03E2A004D3C62 /* CareerDetailViewController.m */,
			);
			name = ViewController;
			sourceTree = "<group>";
		};
		45755ED419BF8B580020A7F3 /* Api */ = {
			isa = PBXGroup;
			children = (
				45F53BD219BFB0C8004D3C62 /* CareersApi.h */,
				45F53BD319BFB0C8004D3C62 /* CareersApi.m */,
			);
			name = Api;
			sourceTree = "<group>";
		};
		45755ED819BF8FEE0020A7F3 /* TableViewCell */ = {
			isa = PBXGroup;
			children = (
				45755ED919BF900D0020A7F3 /* CareerTableViewCell.h */,
				45755EDA19BF900D0020A7F3 /* CareerTableViewCell.m */,
			);
			name = TableViewCell;
			sourceTree = "<group>";
		};
		45755EDC19BF906D0020A7F3 /* Model */ = {
			isa = PBXGroup;
			children = (
				45755EDD19BF90900020A7F3 /* Career.h */,
				45755EDE19BF90900020A7F3 /* Career.m */,
			);
			name = Model;
			sourceTree = "<group>";
		};
		4581BD6F19C24F11001566C9 /* lib */ = {
			isa = PBXGroup;
			children = (
				4581BD7019C24F96001566C9 /* Hpple */,
			);
			name = lib;
			sourceTree = "<group>";
		};
		4581BD7019C24F96001566C9 /* Hpple */ = {
			isa = PBXGroup;
			children = (
				4581BD7119C24F96001566C9 /* TFHpple.h */,
				4581BD7219C24F96001566C9 /* TFHpple.m */,
				4581BD7319C24F96001566C9 /* TFHppleElement.h */,
				4581BD7419C24F96001566C9 /* TFHppleElement.m */,
				4581BD7519C24F96001566C9 /* XPathQuery.h */,
				4581BD7619C24F96001566C9 /* XPathQuery.m */,
			);
			name = Hpple;
			path = lib/Hpple;
			sourceTree = "<group>";
		};
/* End PBXGroup section */

/* Begin PBXNativeTarget section */
		45755E9E19BF8A560020A7F3 /* SavantCareers */ = {
			isa = PBXNativeTarget;
			buildConfigurationList = 45755ECB19BF8A560020A7F3 /* Build configuration list for PBXNativeTarget "SavantCareers" */;
			buildPhases = (
				45755E9B19BF8A560020A7F3 /* Sources */,
				45755E9C19BF8A560020A7F3 /* Frameworks */,
				45755E9D19BF8A560020A7F3 /* Resources */,
			);
			buildRules = (
			);
			dependencies = (
			);
			name = SavantCareers;
			productName = SavantCareers;
			productReference = 45755E9F19BF8A560020A7F3 /* SavantCareers.app */;
			productType = "com.apple.product-type.application";
		};
/* End PBXNativeTarget section */

/* Begin PBXProject section */
		45755E9719BF8A560020A7F3 /* Project object */ = {
			isa = PBXProject;
			attributes = {
				LastUpgradeCheck = 0510;
				ORGANIZATIONNAME = "Alicia Tams";
				TargetAttributes = {
					45755E9E19BF8A560020A7F3 = {
						DevelopmentTeam = W6A3LLRGM6;
					};
				};
			};
			buildConfigurationList = 45755E9A19BF8A560020A7F3 /* Build configuration list for PBXProject "SavantCareers" */;
			compatibilityVersion = "Xcode 3.2";
			developmentRegion = English;
			hasScannedForEncodings = 0;
			knownRegions = (
				en,
			);
			mainGroup = 45755E9619BF8A560020A7F3;
			productRefGroup = 45755EA019BF8A560020A7F3 /* products */;
			projectDirPath = "";
			projectRoot = "";
			targets = (
				45755E9E19BF8A560020A7F3 /* SavantCareers */,
			);
		};
/* End PBXProject section */

/* Begin PBXResourcesBuildPhase section */
		45755E9D19BF8A560020A7F3 /* Resources */ = {
			isa = PBXResourcesBuildPhase;
			buildActionMask = 2147483647;
			files = (
				45755EAD19BF8A560020A7F3 /* InfoPlist.strings in Resources */,
				45755EB519BF8A560020A7F3 /* Images.xcassets in Resources */,
			);
			runOnlyForDeploymentPostprocessing = 0;
		};
/* End PBXResourcesBuildPhase section */

/* Begin PBXSourcesBuildPhase section */
		45755E9B19BF8A560020A7F3 /* Sources */ = {
			isa = PBXSourcesBuildPhase;
			buildActionMask = 2147483647;
			files = (
				45755ED719BF8D960020A7F3 /* CareersTableViewController.m in Sources */,
				45755EDB19BF900D0020A7F3 /* CareerTableViewCell.m in Sources */,
				4581BD7919C24F96001566C9 /* XPathQuery.m in Sources */,
				45F53BD419BFB0C8004D3C62 /* CareersApi.m in Sources */,
				45755EB319BF8A560020A7F3 /* AppDelegate.m in Sources */,
				45755EAF19BF8A560020A7F3 /* main.m in Sources */,
				45F53BE019C03E2A004D3C62 /* CareerDetailViewController.m in Sources */,
				4581BD7819C24F96001566C9 /* TFHppleElement.m in Sources */,
				45755EDF19BF90900020A7F3 /* Career.m in Sources */,
				4581BD7719C24F96001566C9 /* TFHpple.m in Sources */,
			);
			runOnlyForDeploymentPostprocessing = 0;
		};
/* End PBXSourcesBuildPhase section */

/* Begin PBXVariantGroup section */
		45755EAB19BF8A560020A7F3 /* InfoPlist.strings */ = {
			isa = PBXVariantGroup;
			children = (
				45755EAC19BF8A560020A7F3 /* en */,
			);
			name = InfoPlist.strings;
			sourceTree = "<group>";
		};
/* End PBXVariantGroup section */

/* Begin XCBuildConfiguration section */
		45755EC919BF8A560020A7F3 /* Debug */ = {
			isa = XCBuildConfiguration;
			buildSettings = {
				ALWAYS_SEARCH_USER_PATHS = NO;
				CLANG_CXX_LANGUAGE_STANDARD = "gnu++0x";
				CLANG_CXX_LIBRARY = "libc++";
				CLANG_ENABLE_MODULES = YES;
				CLANG_ENABLE_OBJC_ARC = YES;
				CLANG_WARN_BOOL_CONVERSION = YES;
				CLANG_WARN_CONSTANT_CONVERSION = YES;
				CLANG_WARN_DIRECT_OBJC_ISA_USAGE = YES_ERROR;
				CLANG_WARN_EMPTY_BODY = YES;
				CLANG_WARN_ENUM_CONVERSION = YES;
				CLANG_WARN_INT_CONVERSION = YES;
				CLANG_WARN_OBJC_ROOT_CLASS = YES_ERROR;
				CLANG_WARN__DUPLICATE_METHOD_MATCH = YES;
				"CODE_SIGN_IDENTITY[sdk=iphoneos*]" = "iPhone Developer";
				COPY_PHASE_STRIP = NO;
				GCC_C_LANGUAGE_STANDARD = gnu99;
				GCC_DYNAMIC_NO_PIC = NO;
				GCC_OPTIMIZATION_LEVEL = 0;
				GCC_PREPROCESSOR_DEFINITIONS = (
					"DEBUG=1",
					"$(inherited)",
				);
				GCC_SYMBOLS_PRIVATE_EXTERN = NO;
				GCC_WARN_64_TO_32_BIT_CONVERSION = YES;
				GCC_WARN_ABOUT_RETURN_TYPE = YES_ERROR;
				GCC_WARN_STRICT_SELECTOR_MATCH = NO;
				GCC_WARN_UNDECLARED_SELECTOR = YES;
				GCC_WARN_UNINITIALIZED_AUTOS = YES_AGGRESSIVE;
				GCC_WARN_UNUSED_FUNCTION = YES;
				GCC_WARN_UNUSED_VARIABLE = YES;
				IPHONEOS_DEPLOYMENT_TARGET = 7.1;
				ONLY_ACTIVE_ARCH = YES;
				OTHER_CFLAGS = (
					"-Wall",
					"-Wimplicit-retain-self",
					"-Wdeprecated-implementations",
				);
				SDKROOT = iphoneos;
				TARGETED_DEVICE_FAMILY = "1,2";
			};
			name = Debug;
		};
		45755ECA19BF8A560020A7F3 /* Release */ = {
			isa = XCBuildConfiguration;
			buildSettings = {
				ALWAYS_SEARCH_USER_PATHS = NO;
				CLANG_CXX_LANGUAGE_STANDARD = "gnu++0x";
				CLANG_CXX_LIBRARY = "libc++";
				CLANG_ENABLE_MODULES = YES;
				CLANG_ENABLE_OBJC_ARC = YES;
				CLANG_WARN_BOOL_CONVERSION = YES;
				CLANG_WARN_CONSTANT_CONVERSION = YES;
				CLANG_WARN_DIRECT_OBJC_ISA_USAGE = YES_ERROR;
				CLANG_WARN_EMPTY_BODY = YES;
				CLANG_WARN_ENUM_CONVERSION = YES;
				CLANG_WARN_INT_CONVERSION = YES;
				CLANG_WARN_OBJC_ROOT_CLASS = YES_ERROR;
				CLANG_WARN__DUPLICATE_METHOD_MATCH = YES;
				"CODE_SIGN_IDENTITY[sdk=iphoneos*]" = "iPhone Developer";
				COPY_PHASE_STRIP = YES;
				ENABLE_NS_ASSERTIONS = NO;
				GCC_C_LANGUAGE_STANDARD = gnu99;
				GCC_WARN_64_TO_32_BIT_CONVERSION = YES;
				GCC_WARN_ABOUT_RETURN_TYPE = YES_ERROR;
				GCC_WARN_STRICT_SELECTOR_MATCH = NO;
				GCC_WARN_UNDECLARED_SELECTOR = YES;
				GCC_WARN_UNINITIALIZED_AUTOS = YES_AGGRESSIVE;
				GCC_WARN_UNUSED_FUNCTION = YES;
				GCC_WARN_UNUSED_VARIABLE = YES;
				IPHONEOS_DEPLOYMENT_TARGET = 7.1;
				OTHER_CFLAGS = (
					"-Wall",
					"-Wimplicit-retain-self",
					"-Wdeprecated-implementations",
				);
				SDKROOT = iphoneos;
				TARGETED_DEVICE_FAMILY = "1,2";
				VALIDATE_PRODUCT = YES;
			};
			name = Release;
		};
		45755ECC19BF8A560020A7F3 /* Debug */ = {
			isa = XCBuildConfiguration;
			buildSettings = {
				ASSETCATALOG_COMPILER_APPICON_NAME = AppIcon;
				ASSETCATALOG_COMPILER_LAUNCHIMAGE_NAME = LaunchImage;
				CODE_SIGN_IDENTITY = "iPhone Developer";
				"CODE_SIGN_IDENTITY[sdk=iphoneos*]" = "iPhone Developer";
				GCC_PRECOMPILE_PREFIX_HEADER = YES;
				GCC_PREFIX_HEADER = "SavantCareers/SavantCareers-Prefix.pch";
				HEADER_SEARCH_PATHS = (
					"$(inherited)",
					/Applications/Xcode.app/Contents/Developer/Toolchains/XcodeDefault.xctoolchain/usr/include,
					"$(SDKROOT)/usr/include/libxml2",
				);
				INFOPLIST_FILE = "SavantCareers/SavantCareers-Info.plist";
				IPHONEOS_DEPLOYMENT_TARGET = 6.0;
				PRODUCT_NAME = "$(TARGET_NAME)";
				PROVISIONING_PROFILE = "";
				WRAPPER_EXTENSION = app;
			};
			name = Debug;
		};
		45755ECD19BF8A560020A7F3 /* Release */ = {
			isa = XCBuildConfiguration;
			buildSettings = {
				ASSETCATALOG_COMPILER_APPICON_NAME = AppIcon;
				ASSETCATALOG_COMPILER_LAUNCHIMAGE_NAME = LaunchImage;
				CODE_SIGN_IDENTITY = "iPhone Developer";
				"CODE_SIGN_IDENTITY[sdk=iphoneos*]" = "iPhone Developer";
				GCC_PRECOMPILE_PREFIX_HEADER = YES;
				GCC_PREFIX_HEADER = "SavantCareers/SavantCareers-Prefix.pch";
				HEADER_SEARCH_PATHS = (
					"$(inherited)",
					/Applications/Xcode.app/Contents/Developer/Toolchains/XcodeDefault.xctoolchain/usr/include,
					"$(SDKROOT)/usr/include/libxml2",
				);
				INFOPLIST_FILE = "SavantCareers/SavantCareers-Info.plist";
				IPHONEOS_DEPLOYMENT_TARGET = 6.0;
				PRODUCT_NAME = "$(TARGET_NAME)";
				PROVISIONING_PROFILE = "";
				WRAPPER_EXTENSION = app;
			};
			name = Release;
		};
/* End XCBuildConfiguration section */

/* Begin XCConfigurationList section */
		45755E9A19BF8A560020A7F3 /* Build configuration list for PBXProject "SavantCareers" */ = {
			isa = XCConfigurationList;
			buildConfigurations = (
				45755EC919BF8A560020A7F3 /* Debug */,
				45755ECA19BF8A560020A7F3 /* Release */,
			);
			defaultConfigurationIsVisible = 0;
			defaultConfigurationName = Release;
		};
		45755ECB19BF8A560020A7F3 /* Build configuration list for PBXNativeTarget "SavantCareers" */ = {
			isa = XCConfigurationList;
			buildConfigurations = (
				45755ECC19BF8A560020A7F3 /* Debug */,
				45755ECD19BF8A560020A7F3 /* Release */,
			);
			defaultConfigurationIsVisible = 0;
			defaultConfigurationName = Release;
		};
/* End XCConfigurationList section */
	};
	rootObject = 45755E9719BF8A560020A7F3 /* Project object */;
}
